
Microsoft Visual Studio Solution File, Format Version 12.00
# Visual Studio Version 16
VisualStudioVersion = 16.0.29102.190
MinimumVisualStudioVersion = 10.0.40219.1
Project("{FAE04EC0-301F-11D3-BF4B-00C04F79EFBC}") = "DrexelBusAPI", "DrexelBusAPI\DrexelBusAPI.csproj", "{526219FF-ECA4-4411-872B-C314F3B8BACE}"
EndProject
Global
	GlobalSection(SolutionConfigurationPlatforms) = preSolution
		Debug|Any CPU = Debug|Any CPU
		Release|Any CPU = Release|Any CPU
	EndGlobalSection
	GlobalSection(ProjectConfigurationPlatforms) = postSolution
		{526219FF-ECA4-4411-872B-C314F3B8BACE}.Debug|Any CPU.ActiveCfg = Debug|Any CPU
		{526219FF-ECA4-4411-872B-C314F3B8BACE}.Debug|Any CPU.Build.0 = Debug|Any CPU
		{526219FF-ECA4-4411-872B-C314F3B8BACE}.Release|Any CPU.ActiveCfg = Release|Any CPU
		{526219FF-ECA4-4411-872B-C314F3B8BACE}.Release|Any CPU.Build.0 = Release|Any CPU
	EndGlobalSection
	GlobalSection(SolutionProperties) = preSolution
		HideSolutionNode = FALSE
	EndGlobalSection
	GlobalSection(ExtensibilityGlobals) = postSolution
		SolutionGuid = {7C61FBA9-F005-4463-806A-92596D6A9B4B}
	EndGlobalSection
EndGlobal
