
Microsoft Visual Studio Solution File, Format Version 12.00
# Visual Studio Version 16
VisualStudioVersion = 16.0.29123.88
MinimumVisualStudioVersion = 10.0.40219.1
Project("{FAE04EC0-301F-11D3-BF4B-00C04F79EFBC}") = "DragonLoopApp.Android", "DragonLoopApp\DragonLoopApp.Android\DragonLoopApp.Android.csproj", "{2C6D8601-21F7-47F2-BCBF-E28A84193169}"
EndProject
Project("{FAE04EC0-301F-11D3-BF4B-00C04F79EFBC}") = "DragonLoopApp.iOS", "DragonLoopApp\DragonLoopApp.iOS\DragonLoopApp.iOS.csproj", "{64A72B93-1CCE-4D86-9E66-46FDAD8E2136}"
EndProject
Project("{9A19103F-16F7-4668-BE54-9A1E7A4F7556}") = "DragonLoopApp", "DragonLoopApp\DragonLoopApp\DragonLoopApp.csproj", "{28B2BBF8-DAED-4120-BE2F-6E913B6F8AB0}"
EndProject
Project("{9A19103F-16F7-4668-BE54-9A1E7A4F7556}") = "DragonLoopAPI", "DragonLoopAPI\DragonLoopAPI.csproj", "{8B14C3E9-D35D-4B4B-8FAE-1C450E5F043F}"
EndProject
Project("{D954291E-2A0B-460D-934E-DC6B0785DB48}") = "DragonLoopModels", "DragonLoopModels\DragonLoopModels.shproj", "{4CBDD305-A843-4D96-9D5A-49F8D14BB64B}"
EndProject
Project("{D954291E-2A0B-460D-934E-DC6B0785DB48}") = "DragonLoopViewModels", "DragonLoopViewModels\DragonLoopViewModels.shproj", "{2A4ABD3F-0884-4033-BD95-3C291AC1C0FC}"
EndProject
Project("{FAE04EC0-301F-11D3-BF4B-00C04F79EFBC}") = "DragonLoopWeb", "DragonLoopWeb\DragonLoopWeb.csproj", "{886FDD20-7FE6-44D0-9060-44807E5BEB04}"
EndProject
Global
	GlobalSection(SharedMSBuildProjectFiles) = preSolution
		DragonLoopViewModels\DragonLoopViewModels.projitems*{2a4abd3f-0884-4033-bd95-3c291ac1c0fc}*SharedItemsImports = 13
		DragonLoopModels\DragonLoopModels.projitems*{4cbdd305-a843-4d96-9d5a-49f8d14bb64b}*SharedItemsImports = 13
	EndGlobalSection
	GlobalSection(SolutionConfigurationPlatforms) = preSolution
		Debug|Any CPU = Debug|Any CPU
		Debug|iPhone = Debug|iPhone
		Debug|iPhoneSimulator = Debug|iPhoneSimulator
		Release|Any CPU = Release|Any CPU
		Release|iPhone = Release|iPhone
		Release|iPhoneSimulator = Release|iPhoneSimulator
	EndGlobalSection
	GlobalSection(ProjectConfigurationPlatforms) = postSolution
		{2C6D8601-21F7-47F2-BCBF-E28A84193169}.Debug|Any CPU.ActiveCfg = Debug|Any CPU
		{2C6D8601-21F7-47F2-BCBF-E28A84193169}.Debug|Any CPU.Build.0 = Debug|Any CPU
		{2C6D8601-21F7-47F2-BCBF-E28A84193169}.Debug|Any CPU.Deploy.0 = Debug|Any CPU
		{2C6D8601-21F7-47F2-BCBF-E28A84193169}.Debug|iPhone.ActiveCfg = Debug|Any CPU
		{2C6D8601-21F7-47F2-BCBF-E28A84193169}.Debug|iPhone.Build.0 = Debug|Any CPU
		{2C6D8601-21F7-47F2-BCBF-E28A84193169}.Debug|iPhone.Deploy.0 = Debug|Any CPU
		{2C6D8601-21F7-47F2-BCBF-E28A84193169}.Debug|iPhoneSimulator.ActiveCfg = Debug|Any CPU
		{2C6D8601-21F7-47F2-BCBF-E28A84193169}.Debug|iPhoneSimulator.Build.0 = Debug|Any CPU
		{2C6D8601-21F7-47F2-BCBF-E28A84193169}.Debug|iPhoneSimulator.Deploy.0 = Debug|Any CPU
		{2C6D8601-21F7-47F2-BCBF-E28A84193169}.Release|Any CPU.ActiveCfg = Release|Any CPU
		{2C6D8601-21F7-47F2-BCBF-E28A84193169}.Release|Any CPU.Build.0 = Release|Any CPU
		{2C6D8601-21F7-47F2-BCBF-E28A84193169}.Release|Any CPU.Deploy.0 = Release|Any CPU
		{2C6D8601-21F7-47F2-BCBF-E28A84193169}.Release|iPhone.ActiveCfg = Release|Any CPU
		{2C6D8601-21F7-47F2-BCBF-E28A84193169}.Release|iPhone.Build.0 = Release|Any CPU
		{2C6D8601-21F7-47F2-BCBF-E28A84193169}.Release|iPhone.Deploy.0 = Release|Any CPU
		{2C6D8601-21F7-47F2-BCBF-E28A84193169}.Release|iPhoneSimulator.ActiveCfg = Release|Any CPU
		{2C6D8601-21F7-47F2-BCBF-E28A84193169}.Release|iPhoneSimulator.Build.0 = Release|Any CPU
		{2C6D8601-21F7-47F2-BCBF-E28A84193169}.Release|iPhoneSimulator.Deploy.0 = Release|Any CPU
		{64A72B93-1CCE-4D86-9E66-46FDAD8E2136}.Debug|Any CPU.ActiveCfg = Debug|iPhoneSimulator
		{64A72B93-1CCE-4D86-9E66-46FDAD8E2136}.Debug|Any CPU.Build.0 = Debug|iPhoneSimulator
		{64A72B93-1CCE-4D86-9E66-46FDAD8E2136}.Debug|Any CPU.Deploy.0 = Debug|iPhoneSimulator
		{64A72B93-1CCE-4D86-9E66-46FDAD8E2136}.Debug|iPhone.ActiveCfg = Debug|iPhone
		{64A72B93-1CCE-4D86-9E66-46FDAD8E2136}.Debug|iPhone.Build.0 = Debug|iPhone
		{64A72B93-1CCE-4D86-9E66-46FDAD8E2136}.Debug|iPhone.Deploy.0 = Debug|iPhone
		{64A72B93-1CCE-4D86-9E66-46FDAD8E2136}.Debug|iPhoneSimulator.ActiveCfg = Debug|iPhoneSimulator
		{64A72B93-1CCE-4D86-9E66-46FDAD8E2136}.Debug|iPhoneSimulator.Build.0 = Debug|iPhoneSimulator
		{64A72B93-1CCE-4D86-9E66-46FDAD8E2136}.Debug|iPhoneSimulator.Deploy.0 = Debug|iPhoneSimulator
		{64A72B93-1CCE-4D86-9E66-46FDAD8E2136}.Release|Any CPU.ActiveCfg = Release|iPhone
		{64A72B93-1CCE-4D86-9E66-46FDAD8E2136}.Release|Any CPU.Build.0 = Release|iPhone
		{64A72B93-1CCE-4D86-9E66-46FDAD8E2136}.Release|Any CPU.Deploy.0 = Release|iPhone
		{64A72B93-1CCE-4D86-9E66-46FDAD8E2136}.Release|iPhone.ActiveCfg = Release|iPhone
		{64A72B93-1CCE-4D86-9E66-46FDAD8E2136}.Release|iPhone.Build.0 = Release|iPhone
		{64A72B93-1CCE-4D86-9E66-46FDAD8E2136}.Release|iPhone.Deploy.0 = Release|iPhone
		{64A72B93-1CCE-4D86-9E66-46FDAD8E2136}.Release|iPhoneSimulator.ActiveCfg = Release|iPhoneSimulator
		{64A72B93-1CCE-4D86-9E66-46FDAD8E2136}.Release|iPhoneSimulator.Build.0 = Release|iPhoneSimulator
		{64A72B93-1CCE-4D86-9E66-46FDAD8E2136}.Release|iPhoneSimulator.Deploy.0 = Release|iPhoneSimulator
		{28B2BBF8-DAED-4120-BE2F-6E913B6F8AB0}.Debug|Any CPU.ActiveCfg = Debug|Any CPU
		{28B2BBF8-DAED-4120-BE2F-6E913B6F8AB0}.Debug|Any CPU.Build.0 = Debug|Any CPU
		{28B2BBF8-DAED-4120-BE2F-6E913B6F8AB0}.Debug|Any CPU.Deploy.0 = Debug|Any CPU
		{28B2BBF8-DAED-4120-BE2F-6E913B6F8AB0}.Debug|iPhone.ActiveCfg = Debug|Any CPU
		{28B2BBF8-DAED-4120-BE2F-6E913B6F8AB0}.Debug|iPhone.Build.0 = Debug|Any CPU
		{28B2BBF8-DAED-4120-BE2F-6E913B6F8AB0}.Debug|iPhone.Deploy.0 = Debug|Any CPU
		{28B2BBF8-DAED-4120-BE2F-6E913B6F8AB0}.Debug|iPhoneSimulator.ActiveCfg = Debug|Any CPU
		{28B2BBF8-DAED-4120-BE2F-6E913B6F8AB0}.Debug|iPhoneSimulator.Build.0 = Debug|Any CPU
		{28B2BBF8-DAED-4120-BE2F-6E913B6F8AB0}.Debug|iPhoneSimulator.Deploy.0 = Debug|Any CPU
		{28B2BBF8-DAED-4120-BE2F-6E913B6F8AB0}.Release|Any CPU.ActiveCfg = Release|Any CPU
		{28B2BBF8-DAED-4120-BE2F-6E913B6F8AB0}.Release|Any CPU.Build.0 = Release|Any CPU
		{28B2BBF8-DAED-4120-BE2F-6E913B6F8AB0}.Release|Any CPU.Deploy.0 = Release|Any CPU
		{28B2BBF8-DAED-4120-BE2F-6E913B6F8AB0}.Release|iPhone.ActiveCfg = Release|Any CPU
		{28B2BBF8-DAED-4120-BE2F-6E913B6F8AB0}.Release|iPhone.Build.0 = Release|Any CPU
		{28B2BBF8-DAED-4120-BE2F-6E913B6F8AB0}.Release|iPhone.Deploy.0 = Release|Any CPU
		{28B2BBF8-DAED-4120-BE2F-6E913B6F8AB0}.Release|iPhoneSimulator.ActiveCfg = Release|Any CPU
		{28B2BBF8-DAED-4120-BE2F-6E913B6F8AB0}.Release|iPhoneSimulator.Build.0 = Release|Any CPU
		{28B2BBF8-DAED-4120-BE2F-6E913B6F8AB0}.Release|iPhoneSimulator.Deploy.0 = Release|Any CPU
		{8B14C3E9-D35D-4B4B-8FAE-1C450E5F043F}.Debug|Any CPU.ActiveCfg = Debug|Any CPU
		{8B14C3E9-D35D-4B4B-8FAE-1C450E5F043F}.Debug|Any CPU.Build.0 = Debug|Any CPU
		{8B14C3E9-D35D-4B4B-8FAE-1C450E5F043F}.Debug|iPhone.ActiveCfg = Debug|Any CPU
		{8B14C3E9-D35D-4B4B-8FAE-1C450E5F043F}.Debug|iPhone.Build.0 = Debug|Any CPU
		{8B14C3E9-D35D-4B4B-8FAE-1C450E5F043F}.Debug|iPhoneSimulator.ActiveCfg = Debug|Any CPU
		{8B14C3E9-D35D-4B4B-8FAE-1C450E5F043F}.Debug|iPhoneSimulator.Build.0 = Debug|Any CPU
		{8B14C3E9-D35D-4B4B-8FAE-1C450E5F043F}.Release|Any CPU.ActiveCfg = Release|Any CPU
		{8B14C3E9-D35D-4B4B-8FAE-1C450E5F043F}.Release|Any CPU.Build.0 = Release|Any CPU
		{8B14C3E9-D35D-4B4B-8FAE-1C450E5F043F}.Release|iPhone.ActiveCfg = Release|Any CPU
		{8B14C3E9-D35D-4B4B-8FAE-1C450E5F043F}.Release|iPhone.Build.0 = Release|Any CPU
		{8B14C3E9-D35D-4B4B-8FAE-1C450E5F043F}.Release|iPhoneSimulator.ActiveCfg = Release|Any CPU
		{8B14C3E9-D35D-4B4B-8FAE-1C450E5F043F}.Release|iPhoneSimulator.Build.0 = Release|Any CPU
		{886FDD20-7FE6-44D0-9060-44807E5BEB04}.Debug|Any CPU.ActiveCfg = Debug|Any CPU
		{886FDD20-7FE6-44D0-9060-44807E5BEB04}.Debug|Any CPU.Build.0 = Debug|Any CPU
		{886FDD20-7FE6-44D0-9060-44807E5BEB04}.Debug|iPhone.ActiveCfg = Debug|Any CPU
		{886FDD20-7FE6-44D0-9060-44807E5BEB04}.Debug|iPhone.Build.0 = Debug|Any CPU
		{886FDD20-7FE6-44D0-9060-44807E5BEB04}.Debug|iPhoneSimulator.ActiveCfg = Debug|Any CPU
		{886FDD20-7FE6-44D0-9060-44807E5BEB04}.Debug|iPhoneSimulator.Build.0 = Debug|Any CPU
		{886FDD20-7FE6-44D0-9060-44807E5BEB04}.Release|Any CPU.ActiveCfg = Release|Any CPU
		{886FDD20-7FE6-44D0-9060-44807E5BEB04}.Release|Any CPU.Build.0 = Release|Any CPU
		{886FDD20-7FE6-44D0-9060-44807E5BEB04}.Release|iPhone.ActiveCfg = Release|Any CPU
		{886FDD20-7FE6-44D0-9060-44807E5BEB04}.Release|iPhone.Build.0 = Release|Any CPU
		{886FDD20-7FE6-44D0-9060-44807E5BEB04}.Release|iPhoneSimulator.ActiveCfg = Release|Any CPU
		{886FDD20-7FE6-44D0-9060-44807E5BEB04}.Release|iPhoneSimulator.Build.0 = Release|Any CPU
	EndGlobalSection
	GlobalSection(SolutionProperties) = preSolution
		HideSolutionNode = FALSE
	EndGlobalSection
	GlobalSection(ExtensibilityGlobals) = postSolution
		SolutionGuid = {0673CD05-8922-41F6-9FB2-4D45E8E3CC41}
	EndGlobalSection
EndGlobal
